
Microsoft Visual Studio Solution File, Format Version 12.00
# Visual Studio Version 16
VisualStudioVersion = 16.0.31005.135
MinimumVisualStudioVersion = 10.0.40219.1
Project("{9A19103F-16F7-4668-BE54-9A1E7A4F7556}") = "ParkiAPI", "ParkiAPI\ParkiAPI.csproj", "{7C69B762-7E10-4A9B-9DBA-69C5644B752F}"
EndProject
Project("{9A19103F-16F7-4668-BE54-9A1E7A4F7556}") = "ParkiWEB", "ParkiWEB\ParkiWEB.csproj", "{D2EDED28-E557-4397-B5CE-E2EAF5571737}"
EndProject
Global
	GlobalSection(SolutionConfigurationPlatforms) = preSolution
		Debug|Any CPU = Debug|Any CPU
		Release|Any CPU = Release|Any CPU
	EndGlobalSection
	GlobalSection(ProjectConfigurationPlatforms) = postSolution
		{7C69B762-7E10-4A9B-9DBA-69C5644B752F}.Debug|Any CPU.ActiveCfg = Debug|Any CPU
		{7C69B762-7E10-4A9B-9DBA-69C5644B752F}.Debug|Any CPU.Build.0 = Debug|Any CPU
		{7C69B762-7E10-4A9B-9DBA-69C5644B752F}.Release|Any CPU.ActiveCfg = Release|Any CPU
		{7C69B762-7E10-4A9B-9DBA-69C5644B752F}.Release|Any CPU.Build.0 = Release|Any CPU
		{D2EDED28-E557-4397-B5CE-E2EAF5571737}.Debug|Any CPU.ActiveCfg = Debug|Any CPU
		{D2EDED28-E557-4397-B5CE-E2EAF5571737}.Debug|Any CPU.Build.0 = Debug|Any CPU
		{D2EDED28-E557-4397-B5CE-E2EAF5571737}.Release|Any CPU.ActiveCfg = Release|Any CPU
		{D2EDED28-E557-4397-B5CE-E2EAF5571737}.Release|Any CPU.Build.0 = Release|Any CPU
	EndGlobalSection
	GlobalSection(SolutionProperties) = preSolution
		HideSolutionNode = FALSE
	EndGlobalSection
	GlobalSection(ExtensibilityGlobals) = postSolution
		SolutionGuid = {013D4E8A-759D-434F-B4EF-27A5E2CD04B5}
	EndGlobalSection
EndGlobal
